
Microsoft Visual Studio Solution File, Format Version 12.00
Project("{2150E333-8FDC-42A3-9474-1A3956D46DE8}") = "RetrieverApi", "RetrieverApi", "{2EB590FD-DA1E-4071-9D7B-DDE456101075}"
EndProject
Project("{2150E333-8FDC-42A3-9474-1A3956D46DE8}") = "src", "src", "{A0058268-B23E-423F-B5ED-3417B9141A33}"
EndProject
Project("{FAE04EC0-301F-11D3-BF4B-00C04F79EFBC}") = "Essays.Retriever.Api", "RetrieverApi\src\Essays.Retriever.Api\Essays.Retriever.Api.csproj", "{89A37254-F866-424E-A6AB-A935951F2ED5}"
EndProject
Project("{2150E333-8FDC-42A3-9474-1A3956D46DE8}") = "tests", "tests", "{8D0F3EE6-D3B6-4C4A-8837-F168DA8C878E}"
EndProject
Project("{FAE04EC0-301F-11D3-BF4B-00C04F79EFBC}") = "Essays.Retriever.Contracts", "RetrieverApi\src\Essays.Retriever.Contracts\Essays.Retriever.Contracts.csproj", "{FE74E736-AC62-4F2A-A4FD-5D1F2A245BAC}"
EndProject
Project("{FAE04EC0-301F-11D3-BF4B-00C04F79EFBC}") = "Essays.Retriever.Application", "RetrieverApi\src\Essays.Retriever.Application\Essays.Retriever.Application.csproj", "{91A1804E-65DE-4460-BF7E-59C68ABCC644}"
EndProject
Project("{2150E333-8FDC-42A3-9474-1A3956D46DE8}") = "CoreLibraries", "CoreLibraries", "{01D1A012-B8E8-4E38-91FE-E131584819DA}"
EndProject
Project("{2150E333-8FDC-42A3-9474-1A3956D46DE8}") = "src", "src", "{98E1D67B-1A61-4CAA-A911-7ACB7E96FEF4}"
EndProject
Project("{2150E333-8FDC-42A3-9474-1A3956D46DE8}") = "tests", "tests", "{5A00C376-999D-42C6-8CE7-3262537BF356}"
EndProject
Project("{FAE04EC0-301F-11D3-BF4B-00C04F79EFBC}") = "Essays.CoreLibraries", "CoreLibraries\src\Essays.CoreLibraries\Essays.CoreLibraries.csproj", "{28D85A03-C5B4-4D4E-98BA-FAFF381A9131}"
EndProject
Project("{FAE04EC0-301F-11D3-BF4B-00C04F79EFBC}") = "Essays.CoreLibraries.Tests.Unit", "CoreLibraries\tests\Essays.CoreLibraries.Tests.Unit\Essays.CoreLibraries.Tests.Unit.csproj", "{25923644-7864-457B-9F43-A49686622817}"
EndProject
Global
	GlobalSection(SolutionConfigurationPlatforms) = preSolution
		Debug|Any CPU = Debug|Any CPU
		Release|Any CPU = Release|Any CPU
	EndGlobalSection
	GlobalSection(ProjectConfigurationPlatforms) = postSolution
		{89A37254-F866-424E-A6AB-A935951F2ED5}.Debug|Any CPU.ActiveCfg = Debug|Any CPU
		{89A37254-F866-424E-A6AB-A935951F2ED5}.Debug|Any CPU.Build.0 = Debug|Any CPU
		{89A37254-F866-424E-A6AB-A935951F2ED5}.Release|Any CPU.ActiveCfg = Release|Any CPU
		{89A37254-F866-424E-A6AB-A935951F2ED5}.Release|Any CPU.Build.0 = Release|Any CPU
		{FE74E736-AC62-4F2A-A4FD-5D1F2A245BAC}.Debug|Any CPU.ActiveCfg = Debug|Any CPU
		{FE74E736-AC62-4F2A-A4FD-5D1F2A245BAC}.Debug|Any CPU.Build.0 = Debug|Any CPU
		{FE74E736-AC62-4F2A-A4FD-5D1F2A245BAC}.Release|Any CPU.ActiveCfg = Release|Any CPU
		{FE74E736-AC62-4F2A-A4FD-5D1F2A245BAC}.Release|Any CPU.Build.0 = Release|Any CPU
		{91A1804E-65DE-4460-BF7E-59C68ABCC644}.Debug|Any CPU.ActiveCfg = Debug|Any CPU
		{91A1804E-65DE-4460-BF7E-59C68ABCC644}.Debug|Any CPU.Build.0 = Debug|Any CPU
		{91A1804E-65DE-4460-BF7E-59C68ABCC644}.Release|Any CPU.ActiveCfg = Release|Any CPU
		{91A1804E-65DE-4460-BF7E-59C68ABCC644}.Release|Any CPU.Build.0 = Release|Any CPU
		{28D85A03-C5B4-4D4E-98BA-FAFF381A9131}.Debug|Any CPU.ActiveCfg = Debug|Any CPU
		{28D85A03-C5B4-4D4E-98BA-FAFF381A9131}.Debug|Any CPU.Build.0 = Debug|Any CPU
		{28D85A03-C5B4-4D4E-98BA-FAFF381A9131}.Release|Any CPU.ActiveCfg = Release|Any CPU
		{28D85A03-C5B4-4D4E-98BA-FAFF381A9131}.Release|Any CPU.Build.0 = Release|Any CPU
		{25923644-7864-457B-9F43-A49686622817}.Debug|Any CPU.ActiveCfg = Debug|Any CPU
		{25923644-7864-457B-9F43-A49686622817}.Debug|Any CPU.Build.0 = Debug|Any CPU
		{25923644-7864-457B-9F43-A49686622817}.Release|Any CPU.ActiveCfg = Release|Any CPU
		{25923644-7864-457B-9F43-A49686622817}.Release|Any CPU.Build.0 = Release|Any CPU
	EndGlobalSection
	GlobalSection(NestedProjects) = preSolution
		{A0058268-B23E-423F-B5ED-3417B9141A33} = {2EB590FD-DA1E-4071-9D7B-DDE456101075}
		{89A37254-F866-424E-A6AB-A935951F2ED5} = {A0058268-B23E-423F-B5ED-3417B9141A33}
		{8D0F3EE6-D3B6-4C4A-8837-F168DA8C878E} = {2EB590FD-DA1E-4071-9D7B-DDE456101075}
		{FE74E736-AC62-4F2A-A4FD-5D1F2A245BAC} = {A0058268-B23E-423F-B5ED-3417B9141A33}
		{91A1804E-65DE-4460-BF7E-59C68ABCC644} = {A0058268-B23E-423F-B5ED-3417B9141A33}
		{98E1D67B-1A61-4CAA-A911-7ACB7E96FEF4} = {01D1A012-B8E8-4E38-91FE-E131584819DA}
		{5A00C376-999D-42C6-8CE7-3262537BF356} = {01D1A012-B8E8-4E38-91FE-E131584819DA}
		{28D85A03-C5B4-4D4E-98BA-FAFF381A9131} = {98E1D67B-1A61-4CAA-A911-7ACB7E96FEF4}
		{25923644-7864-457B-9F43-A49686622817} = {5A00C376-999D-42C6-8CE7-3262537BF356}
	EndGlobalSection
EndGlobal
