
Microsoft Visual Studio Solution File, Format Version 12.00
Project("{2150E333-8FDC-42A3-9474-1A3956D46DE8}") = "RetrieverApi", "RetrieverApi", "{2EB590FD-DA1E-4071-9D7B-DDE456101075}"
EndProject
Project("{2150E333-8FDC-42A3-9474-1A3956D46DE8}") = "src", "src", "{A0058268-B23E-423F-B5ED-3417B9141A33}"
EndProject
Project("{FAE04EC0-301F-11D3-BF4B-00C04F79EFBC}") = "Essays.Retriever.Api", "RetrieverApi\src\Essays.Retriever.Api\Essays.Retriever.Api.csproj", "{89A37254-F866-424E-A6AB-A935951F2ED5}"
EndProject
Project("{2150E333-8FDC-42A3-9474-1A3956D46DE8}") = "tests", "tests", "{8D0F3EE6-D3B6-4C4A-8837-F168DA8C878E}"
EndProject
Project("{FAE04EC0-301F-11D3-BF4B-00C04F79EFBC}") = "Essays.Retriever.Contracts", "RetrieverApi\src\Essays.Retriever.Contracts\Essays.Retriever.Contracts.csproj", "{FE74E736-AC62-4F2A-A4FD-5D1F2A245BAC}"
EndProject
Project("{FAE04EC0-301F-11D3-BF4B-00C04F79EFBC}") = "Essays.Retriever.Application", "RetrieverApi\src\Essays.Retriever.Application\Essays.Retriever.Application.csproj", "{91A1804E-65DE-4460-BF7E-59C68ABCC644}"
EndProject
Project("{2150E333-8FDC-42A3-9474-1A3956D46DE8}") = "Core", "Core", "{01D1A012-B8E8-4E38-91FE-E131584819DA}"
EndProject
Project("{2150E333-8FDC-42A3-9474-1A3956D46DE8}") = "src", "src", "{98E1D67B-1A61-4CAA-A911-7ACB7E96FEF4}"
EndProject
Project("{2150E333-8FDC-42A3-9474-1A3956D46DE8}") = "tests", "tests", "{5A00C376-999D-42C6-8CE7-3262537BF356}"
EndProject
Project("{FAE04EC0-301F-11D3-BF4B-00C04F79EFBC}") = "Essays.Core.Libraries", "Core\src\Essays.Core.Libraries\Essays.Core.Libraries.csproj", "{E2FBF976-9063-41CD-9CE8-BB848C37A042}"
EndProject
Project("{FAE04EC0-301F-11D3-BF4B-00C04F79EFBC}") = "Essays.Core.Libraries.Tests.Unit", "Core\tests\Essays.Core.Libraries.Tests.Unit\Essays.Core.Libraries.Tests.Unit.csproj", "{5E73AE18-25D2-48E5-A512-3870CA20C038}"
EndProject
Project("{FAE04EC0-301F-11D3-BF4B-00C04F79EFBC}") = "Essays.Core.Models", "Core\src\Essays.Core.Models\Essays.Core.Models.csproj", "{9BF6B352-1B2A-4833-82E3-5E23B8F311BA}"
EndProject
Project("{FAE04EC0-301F-11D3-BF4B-00C04F79EFBC}") = "Essays.Core.Migrations", "Core\src\Essays.Core.Migrations\Essays.Core.Migrations.csproj", "{216E038E-96FE-4FD2-8164-D521DE38298B}"
EndProject
Project("{FAE04EC0-301F-11D3-BF4B-00C04F79EFBC}") = "Essays.Core.Data", "Core\src\Essays.Core.Data\Essays.Core.Data.csproj", "{1B813769-478F-4D5D-A5C1-25F04C0C4673}"
EndProject
Global
	GlobalSection(SolutionConfigurationPlatforms) = preSolution
		Debug|Any CPU = Debug|Any CPU
		Release|Any CPU = Release|Any CPU
	EndGlobalSection
	GlobalSection(ProjectConfigurationPlatforms) = postSolution
		{89A37254-F866-424E-A6AB-A935951F2ED5}.Debug|Any CPU.ActiveCfg = Debug|Any CPU
		{89A37254-F866-424E-A6AB-A935951F2ED5}.Debug|Any CPU.Build.0 = Debug|Any CPU
		{89A37254-F866-424E-A6AB-A935951F2ED5}.Release|Any CPU.ActiveCfg = Release|Any CPU
		{89A37254-F866-424E-A6AB-A935951F2ED5}.Release|Any CPU.Build.0 = Release|Any CPU
		{FE74E736-AC62-4F2A-A4FD-5D1F2A245BAC}.Debug|Any CPU.ActiveCfg = Debug|Any CPU
		{FE74E736-AC62-4F2A-A4FD-5D1F2A245BAC}.Debug|Any CPU.Build.0 = Debug|Any CPU
		{FE74E736-AC62-4F2A-A4FD-5D1F2A245BAC}.Release|Any CPU.ActiveCfg = Release|Any CPU
		{FE74E736-AC62-4F2A-A4FD-5D1F2A245BAC}.Release|Any CPU.Build.0 = Release|Any CPU
		{91A1804E-65DE-4460-BF7E-59C68ABCC644}.Debug|Any CPU.ActiveCfg = Debug|Any CPU
		{91A1804E-65DE-4460-BF7E-59C68ABCC644}.Debug|Any CPU.Build.0 = Debug|Any CPU
		{91A1804E-65DE-4460-BF7E-59C68ABCC644}.Release|Any CPU.ActiveCfg = Release|Any CPU
		{91A1804E-65DE-4460-BF7E-59C68ABCC644}.Release|Any CPU.Build.0 = Release|Any CPU
		{E2FBF976-9063-41CD-9CE8-BB848C37A042}.Debug|Any CPU.ActiveCfg = Debug|Any CPU
		{E2FBF976-9063-41CD-9CE8-BB848C37A042}.Debug|Any CPU.Build.0 = Debug|Any CPU
		{E2FBF976-9063-41CD-9CE8-BB848C37A042}.Release|Any CPU.ActiveCfg = Release|Any CPU
		{E2FBF976-9063-41CD-9CE8-BB848C37A042}.Release|Any CPU.Build.0 = Release|Any CPU
		{5E73AE18-25D2-48E5-A512-3870CA20C038}.Debug|Any CPU.ActiveCfg = Debug|Any CPU
		{5E73AE18-25D2-48E5-A512-3870CA20C038}.Debug|Any CPU.Build.0 = Debug|Any CPU
		{5E73AE18-25D2-48E5-A512-3870CA20C038}.Release|Any CPU.ActiveCfg = Release|Any CPU
		{5E73AE18-25D2-48E5-A512-3870CA20C038}.Release|Any CPU.Build.0 = Release|Any CPU
		{9BF6B352-1B2A-4833-82E3-5E23B8F311BA}.Debug|Any CPU.ActiveCfg = Debug|Any CPU
		{9BF6B352-1B2A-4833-82E3-5E23B8F311BA}.Debug|Any CPU.Build.0 = Debug|Any CPU
		{9BF6B352-1B2A-4833-82E3-5E23B8F311BA}.Release|Any CPU.ActiveCfg = Release|Any CPU
		{9BF6B352-1B2A-4833-82E3-5E23B8F311BA}.Release|Any CPU.Build.0 = Release|Any CPU
		{216E038E-96FE-4FD2-8164-D521DE38298B}.Debug|Any CPU.ActiveCfg = Debug|Any CPU
		{216E038E-96FE-4FD2-8164-D521DE38298B}.Debug|Any CPU.Build.0 = Debug|Any CPU
		{216E038E-96FE-4FD2-8164-D521DE38298B}.Release|Any CPU.ActiveCfg = Release|Any CPU
		{216E038E-96FE-4FD2-8164-D521DE38298B}.Release|Any CPU.Build.0 = Release|Any CPU
		{1B813769-478F-4D5D-A5C1-25F04C0C4673}.Debug|Any CPU.ActiveCfg = Debug|Any CPU
		{1B813769-478F-4D5D-A5C1-25F04C0C4673}.Debug|Any CPU.Build.0 = Debug|Any CPU
		{1B813769-478F-4D5D-A5C1-25F04C0C4673}.Release|Any CPU.ActiveCfg = Release|Any CPU
		{1B813769-478F-4D5D-A5C1-25F04C0C4673}.Release|Any CPU.Build.0 = Release|Any CPU
	EndGlobalSection
	GlobalSection(NestedProjects) = preSolution
		{A0058268-B23E-423F-B5ED-3417B9141A33} = {2EB590FD-DA1E-4071-9D7B-DDE456101075}
		{89A37254-F866-424E-A6AB-A935951F2ED5} = {A0058268-B23E-423F-B5ED-3417B9141A33}
		{8D0F3EE6-D3B6-4C4A-8837-F168DA8C878E} = {2EB590FD-DA1E-4071-9D7B-DDE456101075}
		{FE74E736-AC62-4F2A-A4FD-5D1F2A245BAC} = {A0058268-B23E-423F-B5ED-3417B9141A33}
		{91A1804E-65DE-4460-BF7E-59C68ABCC644} = {A0058268-B23E-423F-B5ED-3417B9141A33}
		{98E1D67B-1A61-4CAA-A911-7ACB7E96FEF4} = {01D1A012-B8E8-4E38-91FE-E131584819DA}
		{5A00C376-999D-42C6-8CE7-3262537BF356} = {01D1A012-B8E8-4E38-91FE-E131584819DA}
		{E2FBF976-9063-41CD-9CE8-BB848C37A042} = {98E1D67B-1A61-4CAA-A911-7ACB7E96FEF4}
		{5E73AE18-25D2-48E5-A512-3870CA20C038} = {5A00C376-999D-42C6-8CE7-3262537BF356}
		{9BF6B352-1B2A-4833-82E3-5E23B8F311BA} = {98E1D67B-1A61-4CAA-A911-7ACB7E96FEF4}
		{216E038E-96FE-4FD2-8164-D521DE38298B} = {98E1D67B-1A61-4CAA-A911-7ACB7E96FEF4}
		{1B813769-478F-4D5D-A5C1-25F04C0C4673} = {98E1D67B-1A61-4CAA-A911-7ACB7E96FEF4}
	EndGlobalSection
EndGlobal
