
Microsoft Visual Studio Solution File, Format Version 12.00
Project("{2150E333-8FDC-42A3-9474-1A3956D46DE8}") = "RetrieverApi", "RetrieverApi", "{2EB590FD-DA1E-4071-9D7B-DDE456101075}"
EndProject
Project("{2150E333-8FDC-42A3-9474-1A3956D46DE8}") = "src", "src", "{A0058268-B23E-423F-B5ED-3417B9141A33}"
EndProject
Project("{FAE04EC0-301F-11D3-BF4B-00C04F79EFBC}") = "Essays.Retriever.Api", "RetrieverApi\src\Essays.Retriever.Api\Essays.Retriever.Api.csproj", "{89A37254-F866-424E-A6AB-A935951F2ED5}"
EndProject
Project("{2150E333-8FDC-42A3-9474-1A3956D46DE8}") = "tests", "tests", "{8D0F3EE6-D3B6-4C4A-8837-F168DA8C878E}"
EndProject
Project("{FAE04EC0-301F-11D3-BF4B-00C04F79EFBC}") = "Essays.Retriever.Contracts", "RetrieverApi\src\Essays.Retriever.Contracts\Essays.Retriever.Contracts.csproj", "{FE74E736-AC62-4F2A-A4FD-5D1F2A245BAC}"
EndProject
Project("{FAE04EC0-301F-11D3-BF4B-00C04F79EFBC}") = "Essays.Retriever.Application", "RetrieverApi\src\Essays.Retriever.Application\Essays.Retriever.Application.csproj", "{91A1804E-65DE-4460-BF7E-59C68ABCC644}"
EndProject
Project("{2150E333-8FDC-42A3-9474-1A3956D46DE8}") = "Core", "Core", "{01D1A012-B8E8-4E38-91FE-E131584819DA}"
EndProject
Project("{2150E333-8FDC-42A3-9474-1A3956D46DE8}") = "src", "src", "{98E1D67B-1A61-4CAA-A911-7ACB7E96FEF4}"
EndProject
Project("{2150E333-8FDC-42A3-9474-1A3956D46DE8}") = "tests", "tests", "{5A00C376-999D-42C6-8CE7-3262537BF356}"
EndProject
Project("{FAE04EC0-301F-11D3-BF4B-00C04F79EFBC}") = "Essays.Core.Libraries", "Core\src\Essays.Core.Libraries\Essays.Core.Libraries.csproj", "{E2FBF976-9063-41CD-9CE8-BB848C37A042}"
EndProject
Project("{FAE04EC0-301F-11D3-BF4B-00C04F79EFBC}") = "Essays.Core.Libraries.Tests.Unit", "Core\tests\Essays.Core.Libraries.Tests.Unit\Essays.Core.Libraries.Tests.Unit.csproj", "{5E73AE18-25D2-48E5-A512-3870CA20C038}"
EndProject
Project("{FAE04EC0-301F-11D3-BF4B-00C04F79EFBC}") = "Essays.Core.Models", "Core\src\Essays.Core.Models\Essays.Core.Models.csproj", "{9BF6B352-1B2A-4833-82E3-5E23B8F311BA}"
EndProject
Project("{FAE04EC0-301F-11D3-BF4B-00C04F79EFBC}") = "Essays.Core.Migrator.Console", "Core\src\Essays.Core.Migrator.Console\Essays.Core.Migrator.Console.csproj", "{216E038E-96FE-4FD2-8164-D521DE38298B}"
EndProject
Project("{FAE04EC0-301F-11D3-BF4B-00C04F79EFBC}") = "Essays.Core.Data", "Core\src\Essays.Core.Data\Essays.Core.Data.csproj", "{1B813769-478F-4D5D-A5C1-25F04C0C4673}"
EndProject
Project("{2150E333-8FDC-42A3-9474-1A3956D46DE8}") = "WriterApi", "WriterApi", "{BCA38015-05E3-4410-8A1E-D6B7BC200FC1}"
EndProject
Project("{2150E333-8FDC-42A3-9474-1A3956D46DE8}") = "src", "src", "{3DEB0B3B-1B3E-45BE-A6F5-4A1AD660302A}"
EndProject
Project("{2150E333-8FDC-42A3-9474-1A3956D46DE8}") = "tests", "tests", "{75710EA8-DBC9-4C60-8F9F-B354AA1B07B4}"
EndProject
Project("{FAE04EC0-301F-11D3-BF4B-00C04F79EFBC}") = "Essays.Writer.Api", "WriterApi\src\Essays.Writer.Api\Essays.Writer.Api.csproj", "{A84D83FD-1BCF-478B-B66C-524B5648039C}"
EndProject
Project("{FAE04EC0-301F-11D3-BF4B-00C04F79EFBC}") = "Essays.Writer.Application", "WriterApi\src\Essays.Writer.Application\Essays.Writer.Application.csproj", "{375CB29D-9FD9-4DE8-A283-118BF935F679}"
EndProject
Project("{FAE04EC0-301F-11D3-BF4B-00C04F79EFBC}") = "Essays.Writer.Contracts", "WriterApi\src\Essays.Writer.Contracts\Essays.Writer.Contracts.csproj", "{992E06EB-60A1-4399-A232-5A9FFEE045C3}"
EndProject
Project("{FAE04EC0-301F-11D3-BF4B-00C04F79EFBC}") = "Essays.Writer.Api.Tests.Integration", "WriterApi\tests\Essays.Writer.Api.Tests.Integration\Essays.Writer.Api.Tests.Integration.csproj", "{39A88F34-8AC4-4E58-A051-FBF351552B20}"
EndProject
Project("{FAE04EC0-301F-11D3-BF4B-00C04F79EFBC}") = "Essays.Retriever.Api.Tests.Integration", "RetrieverApi\tests\Essays.Retriever.Api.Tests.Integration\Essays.Retriever.Api.Tests.Integration.csproj", "{0AEF0E32-D42F-4574-AF01-9C71596328F6}"
EndProject
Project("{FAE04EC0-301F-11D3-BF4B-00C04F79EFBC}") = "Essays.Retriever.Application.Tests.Unit", "RetrieverApi\tests\Essays.Retriever.Application.Tests.Unit\Essays.Retriever.Application.Tests.Unit.csproj", "{A47D542D-3C77-4D18-8FF0-FF49BB12481B}"
EndProject
Project("{FAE04EC0-301F-11D3-BF4B-00C04F79EFBC}") = "Essays.Writer.Application.Tests.Unit", "WriterApi\tests\Essays.Writer.Application.Tests.Unit\Essays.Writer.Application.Tests.Unit.csproj", "{68AC0B4A-0CEB-4B83-9499-30FD6BCCBFB4}"
EndProject
Global
	GlobalSection(SolutionConfigurationPlatforms) = preSolution
		Debug|Any CPU = Debug|Any CPU
		Release|Any CPU = Release|Any CPU
	EndGlobalSection
	GlobalSection(ProjectConfigurationPlatforms) = postSolution
		{89A37254-F866-424E-A6AB-A935951F2ED5}.Debug|Any CPU.ActiveCfg = Debug|Any CPU
		{89A37254-F866-424E-A6AB-A935951F2ED5}.Debug|Any CPU.Build.0 = Debug|Any CPU
		{89A37254-F866-424E-A6AB-A935951F2ED5}.Release|Any CPU.ActiveCfg = Release|Any CPU
		{89A37254-F866-424E-A6AB-A935951F2ED5}.Release|Any CPU.Build.0 = Release|Any CPU
		{FE74E736-AC62-4F2A-A4FD-5D1F2A245BAC}.Debug|Any CPU.ActiveCfg = Debug|Any CPU
		{FE74E736-AC62-4F2A-A4FD-5D1F2A245BAC}.Debug|Any CPU.Build.0 = Debug|Any CPU
		{FE74E736-AC62-4F2A-A4FD-5D1F2A245BAC}.Release|Any CPU.ActiveCfg = Release|Any CPU
		{FE74E736-AC62-4F2A-A4FD-5D1F2A245BAC}.Release|Any CPU.Build.0 = Release|Any CPU
		{91A1804E-65DE-4460-BF7E-59C68ABCC644}.Debug|Any CPU.ActiveCfg = Debug|Any CPU
		{91A1804E-65DE-4460-BF7E-59C68ABCC644}.Debug|Any CPU.Build.0 = Debug|Any CPU
		{91A1804E-65DE-4460-BF7E-59C68ABCC644}.Release|Any CPU.ActiveCfg = Release|Any CPU
		{91A1804E-65DE-4460-BF7E-59C68ABCC644}.Release|Any CPU.Build.0 = Release|Any CPU
		{E2FBF976-9063-41CD-9CE8-BB848C37A042}.Debug|Any CPU.ActiveCfg = Debug|Any CPU
		{E2FBF976-9063-41CD-9CE8-BB848C37A042}.Debug|Any CPU.Build.0 = Debug|Any CPU
		{E2FBF976-9063-41CD-9CE8-BB848C37A042}.Release|Any CPU.ActiveCfg = Release|Any CPU
		{E2FBF976-9063-41CD-9CE8-BB848C37A042}.Release|Any CPU.Build.0 = Release|Any CPU
		{5E73AE18-25D2-48E5-A512-3870CA20C038}.Debug|Any CPU.ActiveCfg = Debug|Any CPU
		{5E73AE18-25D2-48E5-A512-3870CA20C038}.Debug|Any CPU.Build.0 = Debug|Any CPU
		{5E73AE18-25D2-48E5-A512-3870CA20C038}.Release|Any CPU.ActiveCfg = Release|Any CPU
		{5E73AE18-25D2-48E5-A512-3870CA20C038}.Release|Any CPU.Build.0 = Release|Any CPU
		{9BF6B352-1B2A-4833-82E3-5E23B8F311BA}.Debug|Any CPU.ActiveCfg = Debug|Any CPU
		{9BF6B352-1B2A-4833-82E3-5E23B8F311BA}.Debug|Any CPU.Build.0 = Debug|Any CPU
		{9BF6B352-1B2A-4833-82E3-5E23B8F311BA}.Release|Any CPU.ActiveCfg = Release|Any CPU
		{9BF6B352-1B2A-4833-82E3-5E23B8F311BA}.Release|Any CPU.Build.0 = Release|Any CPU
		{216E038E-96FE-4FD2-8164-D521DE38298B}.Debug|Any CPU.ActiveCfg = Debug|Any CPU
		{216E038E-96FE-4FD2-8164-D521DE38298B}.Debug|Any CPU.Build.0 = Debug|Any CPU
		{216E038E-96FE-4FD2-8164-D521DE38298B}.Release|Any CPU.ActiveCfg = Release|Any CPU
		{216E038E-96FE-4FD2-8164-D521DE38298B}.Release|Any CPU.Build.0 = Release|Any CPU
		{1B813769-478F-4D5D-A5C1-25F04C0C4673}.Debug|Any CPU.ActiveCfg = Debug|Any CPU
		{1B813769-478F-4D5D-A5C1-25F04C0C4673}.Debug|Any CPU.Build.0 = Debug|Any CPU
		{1B813769-478F-4D5D-A5C1-25F04C0C4673}.Release|Any CPU.ActiveCfg = Release|Any CPU
		{1B813769-478F-4D5D-A5C1-25F04C0C4673}.Release|Any CPU.Build.0 = Release|Any CPU
		{A84D83FD-1BCF-478B-B66C-524B5648039C}.Debug|Any CPU.ActiveCfg = Debug|Any CPU
		{A84D83FD-1BCF-478B-B66C-524B5648039C}.Debug|Any CPU.Build.0 = Debug|Any CPU
		{A84D83FD-1BCF-478B-B66C-524B5648039C}.Release|Any CPU.ActiveCfg = Release|Any CPU
		{A84D83FD-1BCF-478B-B66C-524B5648039C}.Release|Any CPU.Build.0 = Release|Any CPU
		{375CB29D-9FD9-4DE8-A283-118BF935F679}.Debug|Any CPU.ActiveCfg = Debug|Any CPU
		{375CB29D-9FD9-4DE8-A283-118BF935F679}.Debug|Any CPU.Build.0 = Debug|Any CPU
		{375CB29D-9FD9-4DE8-A283-118BF935F679}.Release|Any CPU.ActiveCfg = Release|Any CPU
		{375CB29D-9FD9-4DE8-A283-118BF935F679}.Release|Any CPU.Build.0 = Release|Any CPU
		{992E06EB-60A1-4399-A232-5A9FFEE045C3}.Debug|Any CPU.ActiveCfg = Debug|Any CPU
		{992E06EB-60A1-4399-A232-5A9FFEE045C3}.Debug|Any CPU.Build.0 = Debug|Any CPU
		{992E06EB-60A1-4399-A232-5A9FFEE045C3}.Release|Any CPU.ActiveCfg = Release|Any CPU
		{992E06EB-60A1-4399-A232-5A9FFEE045C3}.Release|Any CPU.Build.0 = Release|Any CPU
		{39A88F34-8AC4-4E58-A051-FBF351552B20}.Debug|Any CPU.ActiveCfg = Debug|Any CPU
		{39A88F34-8AC4-4E58-A051-FBF351552B20}.Debug|Any CPU.Build.0 = Debug|Any CPU
		{39A88F34-8AC4-4E58-A051-FBF351552B20}.Release|Any CPU.ActiveCfg = Release|Any CPU
		{39A88F34-8AC4-4E58-A051-FBF351552B20}.Release|Any CPU.Build.0 = Release|Any CPU
		{0AEF0E32-D42F-4574-AF01-9C71596328F6}.Debug|Any CPU.ActiveCfg = Debug|Any CPU
		{0AEF0E32-D42F-4574-AF01-9C71596328F6}.Debug|Any CPU.Build.0 = Debug|Any CPU
		{0AEF0E32-D42F-4574-AF01-9C71596328F6}.Release|Any CPU.ActiveCfg = Release|Any CPU
		{0AEF0E32-D42F-4574-AF01-9C71596328F6}.Release|Any CPU.Build.0 = Release|Any CPU
		{A47D542D-3C77-4D18-8FF0-FF49BB12481B}.Debug|Any CPU.ActiveCfg = Debug|Any CPU
		{A47D542D-3C77-4D18-8FF0-FF49BB12481B}.Debug|Any CPU.Build.0 = Debug|Any CPU
		{A47D542D-3C77-4D18-8FF0-FF49BB12481B}.Release|Any CPU.ActiveCfg = Release|Any CPU
		{A47D542D-3C77-4D18-8FF0-FF49BB12481B}.Release|Any CPU.Build.0 = Release|Any CPU
		{68AC0B4A-0CEB-4B83-9499-30FD6BCCBFB4}.Debug|Any CPU.ActiveCfg = Debug|Any CPU
		{68AC0B4A-0CEB-4B83-9499-30FD6BCCBFB4}.Debug|Any CPU.Build.0 = Debug|Any CPU
		{68AC0B4A-0CEB-4B83-9499-30FD6BCCBFB4}.Release|Any CPU.ActiveCfg = Release|Any CPU
		{68AC0B4A-0CEB-4B83-9499-30FD6BCCBFB4}.Release|Any CPU.Build.0 = Release|Any CPU
	EndGlobalSection
	GlobalSection(NestedProjects) = preSolution
		{A0058268-B23E-423F-B5ED-3417B9141A33} = {2EB590FD-DA1E-4071-9D7B-DDE456101075}
		{89A37254-F866-424E-A6AB-A935951F2ED5} = {A0058268-B23E-423F-B5ED-3417B9141A33}
		{8D0F3EE6-D3B6-4C4A-8837-F168DA8C878E} = {2EB590FD-DA1E-4071-9D7B-DDE456101075}
		{FE74E736-AC62-4F2A-A4FD-5D1F2A245BAC} = {A0058268-B23E-423F-B5ED-3417B9141A33}
		{91A1804E-65DE-4460-BF7E-59C68ABCC644} = {A0058268-B23E-423F-B5ED-3417B9141A33}
		{98E1D67B-1A61-4CAA-A911-7ACB7E96FEF4} = {01D1A012-B8E8-4E38-91FE-E131584819DA}
		{5A00C376-999D-42C6-8CE7-3262537BF356} = {01D1A012-B8E8-4E38-91FE-E131584819DA}
		{E2FBF976-9063-41CD-9CE8-BB848C37A042} = {98E1D67B-1A61-4CAA-A911-7ACB7E96FEF4}
		{5E73AE18-25D2-48E5-A512-3870CA20C038} = {5A00C376-999D-42C6-8CE7-3262537BF356}
		{9BF6B352-1B2A-4833-82E3-5E23B8F311BA} = {98E1D67B-1A61-4CAA-A911-7ACB7E96FEF4}
		{216E038E-96FE-4FD2-8164-D521DE38298B} = {98E1D67B-1A61-4CAA-A911-7ACB7E96FEF4}
		{1B813769-478F-4D5D-A5C1-25F04C0C4673} = {98E1D67B-1A61-4CAA-A911-7ACB7E96FEF4}
		{3DEB0B3B-1B3E-45BE-A6F5-4A1AD660302A} = {BCA38015-05E3-4410-8A1E-D6B7BC200FC1}
		{75710EA8-DBC9-4C60-8F9F-B354AA1B07B4} = {BCA38015-05E3-4410-8A1E-D6B7BC200FC1}
		{A84D83FD-1BCF-478B-B66C-524B5648039C} = {3DEB0B3B-1B3E-45BE-A6F5-4A1AD660302A}
		{375CB29D-9FD9-4DE8-A283-118BF935F679} = {3DEB0B3B-1B3E-45BE-A6F5-4A1AD660302A}
		{992E06EB-60A1-4399-A232-5A9FFEE045C3} = {3DEB0B3B-1B3E-45BE-A6F5-4A1AD660302A}
		{39A88F34-8AC4-4E58-A051-FBF351552B20} = {75710EA8-DBC9-4C60-8F9F-B354AA1B07B4}
		{0AEF0E32-D42F-4574-AF01-9C71596328F6} = {8D0F3EE6-D3B6-4C4A-8837-F168DA8C878E}
		{A47D542D-3C77-4D18-8FF0-FF49BB12481B} = {8D0F3EE6-D3B6-4C4A-8837-F168DA8C878E}
		{68AC0B4A-0CEB-4B83-9499-30FD6BCCBFB4} = {75710EA8-DBC9-4C60-8F9F-B354AA1B07B4}
	EndGlobalSection
EndGlobal
